
Microsoft Visual Studio Solution File, Format Version 12.00
# Visual Studio Version 17
VisualStudioVersion = 17.0.31903.59
MinimumVisualStudioVersion = 10.0.40219.1
Project("{FAE04EC0-301F-11D3-BF4B-00C04F79EFBC}") = "MyLib", "MyLib\MyLib.csproj", "{58B917B9-1573-48D6-AF65-2C42FA26E7AE}"
EndProject
Project("{2150E333-8FDC-42A3-9474-1A3956D46DE8}") = "Seminar8", "Seminar8", "{856C630A-A67E-4E06-97F8-8EDABB3133FF}"
EndProject
Project("{FAE04EC0-301F-11D3-BF4B-00C04F79EFBC}") = "Task00", "Seminar8\Task00\Task00.csproj", "{31BA862F-8654-49D3-BDF2-570C3EA8A5C3}"
EndProject
Project("{FAE04EC0-301F-11D3-BF4B-00C04F79EFBC}") = "Task001", "Seminar8\Task001\Task001.csproj", "{CC5B2A42-9EBE-491A-ABAA-FA5DE0685D78}"
EndProject
Project("{FAE04EC0-301F-11D3-BF4B-00C04F79EFBC}") = "Taks01", "Seminar8\Taks01\Taks01.csproj", "{D6D55F90-E29D-4F97-8CE2-B806091F839C}"
EndProject
Project("{FAE04EC0-301F-11D3-BF4B-00C04F79EFBC}") = "Task02", "Seminar8\Task02\Task02.csproj", "{8B6ADF18-506C-4EAC-8BF2-4EAA4440A34E}"
EndProject
Project("{FAE04EC0-301F-11D3-BF4B-00C04F79EFBC}") = "Task03", "Seminar8\Task03\Task03.csproj", "{03F25A5E-A9D3-469B-BF31-E1D5D3124728}"
EndProject
Project("{2150E333-8FDC-42A3-9474-1A3956D46DE8}") = "Seminar9", "Seminar9", "{A0D87EFB-C496-4CE6-8FC7-12482696E47B}"
EndProject
Project("{FAE04EC0-301F-11D3-BF4B-00C04F79EFBC}") = "Task01", "Seminar9\Task01\Task01.csproj", "{FBFB73DB-6B1B-446F-BDD8-3D03A55F4C36}"
EndProject
Project("{FAE04EC0-301F-11D3-BF4B-00C04F79EFBC}") = "Task02", "Seminar9\Task02\Task02.csproj", "{B24A3F06-1FCD-4E46-81F6-8F27394C15B7}"
EndProject
Global
	GlobalSection(SolutionConfigurationPlatforms) = preSolution
		Debug|Any CPU = Debug|Any CPU
		Release|Any CPU = Release|Any CPU
	EndGlobalSection
	GlobalSection(SolutionProperties) = preSolution
		HideSolutionNode = FALSE
	EndGlobalSection
	GlobalSection(ProjectConfigurationPlatforms) = postSolution
		{58B917B9-1573-48D6-AF65-2C42FA26E7AE}.Debug|Any CPU.ActiveCfg = Debug|Any CPU
		{58B917B9-1573-48D6-AF65-2C42FA26E7AE}.Debug|Any CPU.Build.0 = Debug|Any CPU
		{58B917B9-1573-48D6-AF65-2C42FA26E7AE}.Release|Any CPU.ActiveCfg = Release|Any CPU
		{58B917B9-1573-48D6-AF65-2C42FA26E7AE}.Release|Any CPU.Build.0 = Release|Any CPU
		{31BA862F-8654-49D3-BDF2-570C3EA8A5C3}.Debug|Any CPU.ActiveCfg = Debug|Any CPU
		{31BA862F-8654-49D3-BDF2-570C3EA8A5C3}.Debug|Any CPU.Build.0 = Debug|Any CPU
		{31BA862F-8654-49D3-BDF2-570C3EA8A5C3}.Release|Any CPU.ActiveCfg = Release|Any CPU
		{31BA862F-8654-49D3-BDF2-570C3EA8A5C3}.Release|Any CPU.Build.0 = Release|Any CPU
		{CC5B2A42-9EBE-491A-ABAA-FA5DE0685D78}.Debug|Any CPU.ActiveCfg = Debug|Any CPU
		{CC5B2A42-9EBE-491A-ABAA-FA5DE0685D78}.Debug|Any CPU.Build.0 = Debug|Any CPU
		{CC5B2A42-9EBE-491A-ABAA-FA5DE0685D78}.Release|Any CPU.ActiveCfg = Release|Any CPU
		{CC5B2A42-9EBE-491A-ABAA-FA5DE0685D78}.Release|Any CPU.Build.0 = Release|Any CPU
		{D6D55F90-E29D-4F97-8CE2-B806091F839C}.Debug|Any CPU.ActiveCfg = Debug|Any CPU
		{D6D55F90-E29D-4F97-8CE2-B806091F839C}.Debug|Any CPU.Build.0 = Debug|Any CPU
		{D6D55F90-E29D-4F97-8CE2-B806091F839C}.Release|Any CPU.ActiveCfg = Release|Any CPU
		{D6D55F90-E29D-4F97-8CE2-B806091F839C}.Release|Any CPU.Build.0 = Release|Any CPU
		{8B6ADF18-506C-4EAC-8BF2-4EAA4440A34E}.Debug|Any CPU.ActiveCfg = Debug|Any CPU
		{8B6ADF18-506C-4EAC-8BF2-4EAA4440A34E}.Debug|Any CPU.Build.0 = Debug|Any CPU
		{8B6ADF18-506C-4EAC-8BF2-4EAA4440A34E}.Release|Any CPU.ActiveCfg = Release|Any CPU
		{8B6ADF18-506C-4EAC-8BF2-4EAA4440A34E}.Release|Any CPU.Build.0 = Release|Any CPU
		{03F25A5E-A9D3-469B-BF31-E1D5D3124728}.Debug|Any CPU.ActiveCfg = Debug|Any CPU
		{03F25A5E-A9D3-469B-BF31-E1D5D3124728}.Debug|Any CPU.Build.0 = Debug|Any CPU
		{03F25A5E-A9D3-469B-BF31-E1D5D3124728}.Release|Any CPU.ActiveCfg = Release|Any CPU
		{03F25A5E-A9D3-469B-BF31-E1D5D3124728}.Release|Any CPU.Build.0 = Release|Any CPU
		{FBFB73DB-6B1B-446F-BDD8-3D03A55F4C36}.Debug|Any CPU.ActiveCfg = Debug|Any CPU
		{FBFB73DB-6B1B-446F-BDD8-3D03A55F4C36}.Debug|Any CPU.Build.0 = Debug|Any CPU
		{FBFB73DB-6B1B-446F-BDD8-3D03A55F4C36}.Release|Any CPU.ActiveCfg = Release|Any CPU
		{FBFB73DB-6B1B-446F-BDD8-3D03A55F4C36}.Release|Any CPU.Build.0 = Release|Any CPU
		{B24A3F06-1FCD-4E46-81F6-8F27394C15B7}.Debug|Any CPU.ActiveCfg = Debug|Any CPU
		{B24A3F06-1FCD-4E46-81F6-8F27394C15B7}.Debug|Any CPU.Build.0 = Debug|Any CPU
		{B24A3F06-1FCD-4E46-81F6-8F27394C15B7}.Release|Any CPU.ActiveCfg = Release|Any CPU
		{B24A3F06-1FCD-4E46-81F6-8F27394C15B7}.Release|Any CPU.Build.0 = Release|Any CPU
	EndGlobalSection
	GlobalSection(NestedProjects) = preSolution
		{31BA862F-8654-49D3-BDF2-570C3EA8A5C3} = {856C630A-A67E-4E06-97F8-8EDABB3133FF}
		{CC5B2A42-9EBE-491A-ABAA-FA5DE0685D78} = {856C630A-A67E-4E06-97F8-8EDABB3133FF}
		{D6D55F90-E29D-4F97-8CE2-B806091F839C} = {856C630A-A67E-4E06-97F8-8EDABB3133FF}
		{8B6ADF18-506C-4EAC-8BF2-4EAA4440A34E} = {856C630A-A67E-4E06-97F8-8EDABB3133FF}
		{03F25A5E-A9D3-469B-BF31-E1D5D3124728} = {856C630A-A67E-4E06-97F8-8EDABB3133FF}
		{FBFB73DB-6B1B-446F-BDD8-3D03A55F4C36} = {A0D87EFB-C496-4CE6-8FC7-12482696E47B}
		{B24A3F06-1FCD-4E46-81F6-8F27394C15B7} = {A0D87EFB-C496-4CE6-8FC7-12482696E47B}
	EndGlobalSection
EndGlobal
